
Microsoft Visual Studio Solution File, Format Version 12.00
# Visual Studio 15
VisualStudioVersion = 15.0.28307.852
MinimumVisualStudioVersion = 10.0.40219.1
Project("{FAE04EC0-301F-11D3-BF4B-00C04F79EFBC}") = "BlowOut", "BlowOut-Checkpoint1\BlowOut.csproj", "{6FF597B9-D097-4DC6-8B8D-2D2E26474E74}"
EndProject
Global
	GlobalSection(SolutionConfigurationPlatforms) = preSolution
		Debug|Any CPU = Debug|Any CPU
		Release|Any CPU = Release|Any CPU
	EndGlobalSection
	GlobalSection(ProjectConfigurationPlatforms) = postSolution
		{6FF597B9-D097-4DC6-8B8D-2D2E26474E74}.Debug|Any CPU.ActiveCfg = Debug|Any CPU
		{6FF597B9-D097-4DC6-8B8D-2D2E26474E74}.Debug|Any CPU.Build.0 = Debug|Any CPU
		{6FF597B9-D097-4DC6-8B8D-2D2E26474E74}.Release|Any CPU.ActiveCfg = Release|Any CPU
		{6FF597B9-D097-4DC6-8B8D-2D2E26474E74}.Release|Any CPU.Build.0 = Release|Any CPU
	EndGlobalSection
	GlobalSection(SolutionProperties) = preSolution
		HideSolutionNode = FALSE
	EndGlobalSection
	GlobalSection(ExtensibilityGlobals) = postSolution
		SolutionGuid = {75CB4088-7C41-44AA-9617-093733E93CE2}
	EndGlobalSection
EndGlobal
